
Microsoft Visual Studio Solution File, Format Version 12.00
# Visual Studio Version 16
VisualStudioVersion = 16.0.28803.352
MinimumVisualStudioVersion = 10.0.40219.1
Project("{FAE04EC0-301F-11D3-BF4B-00C04F79EFBC}") = "VirtualPet", "VirtualPet\VirtualPet.csproj", "{2511A0CE-3C06-406A-B864-CEE43CCB7631}"
EndProject
Global
	GlobalSection(SolutionConfigurationPlatforms) = preSolution
		Debug|Any CPU = Debug|Any CPU
		Release|Any CPU = Release|Any CPU
	EndGlobalSection
	GlobalSection(ProjectConfigurationPlatforms) = postSolution
		{2511A0CE-3C06-406A-B864-CEE43CCB7631}.Debug|Any CPU.ActiveCfg = Debug|Any CPU
		{2511A0CE-3C06-406A-B864-CEE43CCB7631}.Debug|Any CPU.Build.0 = Debug|Any CPU
		{2511A0CE-3C06-406A-B864-CEE43CCB7631}.Release|Any CPU.ActiveCfg = Release|Any CPU
		{2511A0CE-3C06-406A-B864-CEE43CCB7631}.Release|Any CPU.Build.0 = Release|Any CPU
	EndGlobalSection
	GlobalSection(SolutionProperties) = preSolution
		HideSolutionNode = FALSE
	EndGlobalSection
	GlobalSection(ExtensibilityGlobals) = postSolution
		SolutionGuid = {5AF7B325-5322-49C5-8113-CF68988B9714}
	EndGlobalSection
EndGlobal
